{
  "name": "potalk-cli",
  "version": "1.0.0",
  "lockfileVersion": 3,
  "requires": true,
  "packages": {
    "": {
      "name": "potalk-cli",
      "version": "1.0.0",
      "license": "ISC",
      "dependencies": {
        "blessed": "^0.1.81",
        "node-datachannel": "^0.33.4",
        "nostr-tools": "^2.25.2",
        "trystero": "^0.25.4",
        "ws": "^8.22.0"
      }
    },
    "node_modules/@noble/ciphers": {
      "version": "2.1.1",
      "resolved": "https://registry.npmjs.org/@noble/ciphers/-/ciphers-2.1.1.tgz",
      "integrity": "sha512-bysYuiVfhxNJuldNXlFEitTVdNnYUc+XNJZd7Qm2a5j1vZHgY+fazadNFWFaMK/2vye0JVlxV3gHmC0WDfAOQw==",
      "license": "MIT",
      "engines": {
        "node": ">= 20.19.0"
      },
      "funding": {
        "url": "https://paulmillr.com/funding/"
      }
    },
    "node_modules/@noble/curves": {
      "version": "2.0.1",
      "resolved": "https://registry.npmjs.org/@noble/curves/-/curves-2.0.1.tgz",
      "integrity": "sha512-vs1Az2OOTBiP4q0pwjW5aF0xp9n4MxVrmkFBxc6EKZc6ddYx5gaZiAsZoq0uRRXWbi3AT/sBqn05eRPtn1JCPw==",
      "license": "MIT",
      "dependencies": {
        "@noble/hashes": "2.0.1"
      },
      "engines": {
        "node": ">= 20.19.0"
      },
      "funding": {
        "url": "https://paulmillr.com/funding/"
      }
    },
    "node_modules/@noble/hashes": {
      "version": "2.0.1",
      "resolved": "https://registry.npmjs.org/@noble/hashes/-/hashes-2.0.1.tgz",
      "integrity": "sha512-XlOlEbQcE9fmuXxrVTXCTlG2nlRXa9Rj3rr5Ue/+tX+nmkgbX720YHh0VR3hBF9xDvwnb8D2shVGOwNx+ulArw==",
      "license": "MIT",
      "engines": {
        "node": ">= 20.19.0"
      },
      "funding": {
        "url": "https://paulmillr.com/funding/"
      }
    },
    "node_modules/@noble/secp256k1": {
      "version": "3.2.0",
      "resolved": "https://registry.npmjs.org/@noble/secp256k1/-/secp256k1-3.2.0.tgz",
      "integrity": "sha512-Z3ZAWOTxJ0EuTuZTi7Y69iK7GgrLHh8sgm45lVDhg/b3Nk1TpAiKhick2KkZisHuupeepSkyIydN/J459SdX1w==",
      "license": "MIT",
      "funding": {
        "url": "https://paulmillr.com/funding/"
      }
    },
    "node_modules/@node-datachannel/android-arm64": {
      "version": "0.33.4",
      "resolved": "https://registry.npmjs.org/@node-datachannel/android-arm64/-/android-arm64-0.33.4.tgz",
      "integrity": "sha512-Kd1K+drJlxdGmZYBlzh5HHX2E7les99eTWlt7WldZgvJmcGf2z9L/bnUVn4zbhNm2q/MtNZ2tPX2bd+fGlDDpQ==",
      "cpu": [
        "arm64"
      ],
      "license": "MPL 2.0",
      "optional": true,
      "os": [
        "android"
      ]
    },
    "node_modules/@node-datachannel/darwin-arm64": {
      "version": "0.33.4",
      "resolved": "https://registry.npmjs.org/@node-datachannel/darwin-arm64/-/darwin-arm64-0.33.4.tgz",
      "integrity": "sha512-bkIA+IbModz/NUmbVYTSWj8dZvkiab+cU4zOa6rhfKsNcW3EkdD2/DDoJjUrRrw+LbEZ40V7NuAKUlMNFDXFsw==",
      "cpu": [
        "arm64"
      ],
      "license": "MPL 2.0",
      "optional": true,
      "os": [
        "darwin"
      ]
    },
    "node_modules/@node-datachannel/darwin-x64": {
      "version": "0.33.4",
      "resolved": "https://registry.npmjs.org/@node-datachannel/darwin-x64/-/darwin-x64-0.33.4.tgz",
      "integrity": "sha512-+dLnwiwC3GdWqW0OQShZcSFYrx3hRx0+7U85swoiP3iiRqtDUARME6AIAmW3glpP0vmus1jv5KhPCy/Q+jAvqw==",
      "cpu": [
        "x64"
      ],
      "license": "MPL 2.0",
      "optional": true,
      "os": [
        "darwin"
      ]
    },
    "node_modules/@node-datachannel/linux-arm64-gnu": {
      "version": "0.33.4",
      "resolved": "https://registry.npmjs.org/@node-datachannel/linux-arm64-gnu/-/linux-arm64-gnu-0.33.4.tgz",
      "integrity": "sha512-rR4yjwxpI1miLSrruLGcfR9yfw0Qebw+Twt+u+lKsL9SwmXxTm5pJhUAa9RU+c35oZ98IyAxGFjRwwq85BTbog==",
      "cpu": [
        "arm64"
      ],
      "libc": [
        "glibc"
      ],
      "license": "MPL 2.0",
      "optional": true,
      "os": [
        "linux"
      ]
    },
    "node_modules/@node-datachannel/linux-arm64-musl": {
      "version": "0.33.4",
      "resolved": "https://registry.npmjs.org/@node-datachannel/linux-arm64-musl/-/linux-arm64-musl-0.33.4.tgz",
      "integrity": "sha512-MR4o1F0aREj/AtbNlXL20YiNx8/pDI8L/5B4Vr9ldiEDottD0IOdCd0khB8fpr5Np2CW7WwU9QG+uto00QGVdw==",
      "cpu": [
        "arm64"
      ],
      "libc": [
        "musl"
      ],
      "license": "MPL 2.0",
      "optional": true,
      "os": [
        "linux"
      ]
    },
    "node_modules/@node-datachannel/linux-x64-gnu": {
      "version": "0.33.4",
      "resolved": "https://registry.npmjs.org/@node-datachannel/linux-x64-gnu/-/linux-x64-gnu-0.33.4.tgz",
      "integrity": "sha512-xN0x3lcQ87qwOAmf1dBLVWrYY40LQ7pM4Y9wuNjP+EtN4IwiXqrhPdgupzGAElxna+n2NgBG0gT60dZpgoYU2Q==",
      "cpu": [
        "x64"
      ],
      "libc": [
        "glibc"
      ],
      "license": "MPL 2.0",
      "optional": true,
      "os": [
        "linux"
      ]
    },
    "node_modules/@node-datachannel/linux-x64-musl": {
      "version": "0.33.4",
      "resolved": "https://registry.npmjs.org/@node-datachannel/linux-x64-musl/-/linux-x64-musl-0.33.4.tgz",
      "integrity": "sha512-FWqJEjL7TqOPmsqdfwmG/BUwOXQN7MfpEU8kzw6ePbglUbwgdc3976Ls9BCBUXyPgEJyLo8YE1LJyWAlbXWyvA==",
      "cpu": [
        "x64"
      ],
      "libc": [
        "musl"
      ],
      "license": "MPL 2.0",
      "optional": true,
      "os": [
        "linux"
      ]
    },
    "node_modules/@node-datachannel/win32-arm64-msvc": {
      "version": "0.33.4",
      "resolved": "https://registry.npmjs.org/@node-datachannel/win32-arm64-msvc/-/win32-arm64-msvc-0.33.4.tgz",
      "integrity": "sha512-TeDV2tSPm+qAnF6MIPlLFTIlobSYLwOVe3/wQl+8hD/q3cEPTQi7vByFaQQ5lRULKKdnjKRR5iDMsxMilqbtXA==",
      "cpu": [
        "arm64"
      ],
      "license": "MPL 2.0",
      "optional": true,
      "os": [
        "win32"
      ]
    },
    "node_modules/@node-datachannel/win32-x64-msvc": {
      "version": "0.33.4",
      "resolved": "https://registry.npmjs.org/@node-datachannel/win32-x64-msvc/-/win32-x64-msvc-0.33.4.tgz",
      "integrity": "sha512-eU0w/9ykrNaA5vWs5gjVs3Qxa45jbQ8mYoMyh5OWnRCE5GzXKxHCpfhFUnO+jGqi0KxkyP0hSA6fiwXXkirk6g==",
      "cpu": [
        "x64"
      ],
      "license": "MPL 2.0",
      "optional": true,
      "os": [
        "win32"
      ]
    },
    "node_modules/@scure/base": {
      "version": "2.0.0",
      "resolved": "https://registry.npmjs.org/@scure/base/-/base-2.0.0.tgz",
      "integrity": "sha512-3E1kpuZginKkek01ovG8krQ0Z44E3DHPjc5S2rjJw9lZn3KSQOs8S7wqikF/AH7iRanHypj85uGyxk0XAyC37w==",
      "license": "MIT",
      "funding": {
        "url": "https://paulmillr.com/funding/"
      }
    },
    "node_modules/@scure/bip32": {
      "version": "2.0.1",
      "resolved": "https://registry.npmjs.org/@scure/bip32/-/bip32-2.0.1.tgz",
      "integrity": "sha512-4Md1NI5BzoVP+bhyJaY3K6yMesEFzNS1sE/cP+9nuvE7p/b0kx9XbpDHHFl8dHtufcbdHRUUQdRqLIPHN/s7yA==",
      "license": "MIT",
      "dependencies": {
        "@noble/curves": "2.0.1",
        "@noble/hashes": "2.0.1",
        "@scure/base": "2.0.0"
      },
      "funding": {
        "url": "https://paulmillr.com/funding/"
      }
    },
    "node_modules/@scure/bip39": {
      "version": "2.0.1",
      "resolved": "https://registry.npmjs.org/@scure/bip39/-/bip39-2.0.1.tgz",
      "integrity": "sha512-PsxdFj/d2AcJcZDX1FXN3dDgitDDTmwf78rKZq1a6c1P1Nan1X/Sxc7667zU3U+AN60g7SxxP0YCVw2H/hBycg==",
      "license": "MIT",
      "dependencies": {
        "@noble/hashes": "2.0.1",
        "@scure/base": "2.0.0"
      },
      "funding": {
        "url": "https://paulmillr.com/funding/"
      }
    },
    "node_modules/@trystero-p2p/core": {
      "version": "0.25.4",
      "resolved": "https://registry.npmjs.org/@trystero-p2p/core/-/core-0.25.4.tgz",
      "integrity": "sha512-ehvSL1FqW962XyEctXngeDF/IOM1bWmfCKBNR4vwmVa0JGfM0+dlY4TEzSEGghYp3qqGCrpFIVTxdvlBUGVO6Q==",
      "license": "MIT"
    },
    "node_modules/@trystero-p2p/nostr": {
      "version": "0.25.4",
      "resolved": "https://registry.npmjs.org/@trystero-p2p/nostr/-/nostr-0.25.4.tgz",
      "integrity": "sha512-QDox1VVHl0ro/CLfQVUtMS9EQbtJhQM7CCsO4SGv9KrPBT+x3bmOqQ4Y6iugsLzQ6sW+a2cwUTxjDRz/BywqMg==",
      "license": "MIT",
      "dependencies": {
        "@noble/secp256k1": "^3.1.0",
        "@trystero-p2p/core": "0.25.4"
      }
    },
    "node_modules/blessed": {
      "version": "0.1.81",
      "resolved": "https://registry.npmjs.org/blessed/-/blessed-0.1.81.tgz",
      "integrity": "sha512-LoF5gae+hlmfORcG1M5+5XZi4LBmvlXTzwJWzUlPryN/SJdSflZvROM2TwkT0GMpq7oqT48NRd4GS7BiVBc5OQ==",
      "license": "MIT",
      "bin": {
        "blessed": "bin/tput.js"
      },
      "engines": {
        "node": ">= 0.8.0"
      }
    },
    "node_modules/detect-libc": {
      "version": "2.1.2",
      "resolved": "https://registry.npmjs.org/detect-libc/-/detect-libc-2.1.2.tgz",
      "integrity": "sha512-Btj2BOOO83o3WyH59e8MgXsxEQVcarkUOpEYrubB0urwnN10yQ364rsiByU11nZlqWYZm05i/of7io4mzihBtQ==",
      "license": "Apache-2.0",
      "engines": {
        "node": ">=8"
      }
    },
    "node_modules/node-datachannel": {
      "version": "0.33.4",
      "resolved": "https://registry.npmjs.org/node-datachannel/-/node-datachannel-0.33.4.tgz",
      "integrity": "sha512-qiUrdh8vY9XhglEnx91HK0N2JEAAu8qTZl0fcR3yQd0fFrdO39NwDeJD/KpG+WKUb9/o4p2UwnP+/HftA/xMbQ==",
      "license": "MPL 2.0",
      "dependencies": {
        "detect-libc": "^2.0.4"
      },
      "engines": {
        "node": ">=18.20.0"
      },
      "optionalDependencies": {
        "@node-datachannel/android-arm64": "0.33.4",
        "@node-datachannel/darwin-arm64": "0.33.4",
        "@node-datachannel/darwin-x64": "0.33.4",
        "@node-datachannel/linux-arm64-gnu": "0.33.4",
        "@node-datachannel/linux-arm64-musl": "0.33.4",
        "@node-datachannel/linux-x64-gnu": "0.33.4",
        "@node-datachannel/linux-x64-musl": "0.33.4",
        "@node-datachannel/win32-arm64-msvc": "0.33.4",
        "@node-datachannel/win32-x64-msvc": "0.33.4"
      }
    },
    "node_modules/nostr-tools": {
      "version": "2.25.2",
      "resolved": "https://registry.npmjs.org/nostr-tools/-/nostr-tools-2.25.2.tgz",
      "integrity": "sha512-7JAx+brEPmqGz1yzaK9MOxvis/Nl1B38j9hVsBSRDMRmxk5XSc0+5LlPEYbzeiUyk41RURBDcfuMzmaT754HAg==",
      "license": "Unlicense",
      "dependencies": {
        "@noble/ciphers": "2.1.1",
        "@noble/curves": "2.0.1",
        "@noble/hashes": "2.0.1",
        "@scure/base": "2.0.0",
        "@scure/bip32": "2.0.1",
        "@scure/bip39": "2.0.1",
        "nostr-wasm": "0.1.0"
      },
      "peerDependencies": {
        "typescript": ">=5.0.0"
      },
      "peerDependenciesMeta": {
        "typescript": {
          "optional": true
        }
      }
    },
    "node_modules/nostr-wasm": {
      "version": "0.1.0",
      "resolved": "https://registry.npmjs.org/nostr-wasm/-/nostr-wasm-0.1.0.tgz",
      "integrity": "sha512-78BTryCLcLYv96ONU8Ws3Q1JzjlAt+43pWQhIl86xZmWeegYCNLPml7yQ+gG3vR6V5h4XGj+TxO+SS5dsThQIA==",
      "license": "MIT"
    },
    "node_modules/trystero": {
      "version": "0.25.4",
      "resolved": "https://registry.npmjs.org/trystero/-/trystero-0.25.4.tgz",
      "integrity": "sha512-tFYn/fO1kBeSKLUxRPKHH2n5jIuz9zlPPF9SmCVrGBiPNDGtFZyHuQONMUwftnCclTWlVsLoTus5/6eHhVEg+Q==",
      "license": "MIT",
      "dependencies": {
        "@trystero-p2p/nostr": "0.25.4"
      }
    },
    "node_modules/ws": {
      "version": "8.22.0",
      "resolved": "https://registry.npmjs.org/ws/-/ws-8.22.0.tgz",
      "integrity": "sha512-Ydggc987+RO0AnWtZ/7Wq9FtNvcrL1b/RO0ud9mWjUPgDrsAAwQSF51sm2hm1XofbU/4jkpGEsLFsZZxU+1DOg==",
      "license": "MIT",
      "engines": {
        "node": ">=10.0.0"
      },
      "peerDependencies": {
        "bufferutil": "^4.0.1",
        "utf-8-validate": ">=5.0.2"
      },
      "peerDependenciesMeta": {
        "bufferutil": {
          "optional": true
        },
        "utf-8-validate": {
          "optional": true
        }
      }
    }
  }
}
